
Microsoft Visual Studio Solution File, Format Version 12.00
# Visual Studio Version 17
VisualStudioVersion = 17.3.32929.385
MinimumVisualStudioVersion = 10.0.40219.1
Project("{9A19103F-16F7-4668-BE54-9A1E7A4F7556}") = "Protection-Animal.WebApp", "Animal-Protection\Protection-Animal.WebApp.csproj", "{3C8F0E38-58CE-418B-B628-51F8ED6DEC93}"
EndProject
Project("{9A19103F-16F7-4668-BE54-9A1E7A4F7556}") = "Protection-Animal.Data", "Animal-Protection.Data\Protection-Animal.Data.csproj", "{4B6CD951-19EA-41BC-9E1C-9597DB5FC8B5}"
EndProject
Project("{9A19103F-16F7-4668-BE54-9A1E7A4F7556}") = "Protection-Animal.Model", "Protection-Animal.Model\Protection-Animal.Model.csproj", "{0925452D-D0ED-4013-A717-69D98A5765E3}"
EndProject
Global
	GlobalSection(SolutionConfigurationPlatforms) = preSolution
		Debug|Any CPU = Debug|Any CPU
		Release|Any CPU = Release|Any CPU
	EndGlobalSection
	GlobalSection(ProjectConfigurationPlatforms) = postSolution
		{3C8F0E38-58CE-418B-B628-51F8ED6DEC93}.Debug|Any CPU.ActiveCfg = Debug|Any CPU
		{3C8F0E38-58CE-418B-B628-51F8ED6DEC93}.Debug|Any CPU.Build.0 = Debug|Any CPU
		{3C8F0E38-58CE-418B-B628-51F8ED6DEC93}.Release|Any CPU.ActiveCfg = Release|Any CPU
		{3C8F0E38-58CE-418B-B628-51F8ED6DEC93}.Release|Any CPU.Build.0 = Release|Any CPU
		{4B6CD951-19EA-41BC-9E1C-9597DB5FC8B5}.Debug|Any CPU.ActiveCfg = Debug|Any CPU
		{4B6CD951-19EA-41BC-9E1C-9597DB5FC8B5}.Debug|Any CPU.Build.0 = Debug|Any CPU
		{4B6CD951-19EA-41BC-9E1C-9597DB5FC8B5}.Release|Any CPU.ActiveCfg = Release|Any CPU
		{4B6CD951-19EA-41BC-9E1C-9597DB5FC8B5}.Release|Any CPU.Build.0 = Release|Any CPU
		{0925452D-D0ED-4013-A717-69D98A5765E3}.Debug|Any CPU.ActiveCfg = Debug|Any CPU
		{0925452D-D0ED-4013-A717-69D98A5765E3}.Debug|Any CPU.Build.0 = Debug|Any CPU
		{0925452D-D0ED-4013-A717-69D98A5765E3}.Release|Any CPU.ActiveCfg = Release|Any CPU
		{0925452D-D0ED-4013-A717-69D98A5765E3}.Release|Any CPU.Build.0 = Release|Any CPU
	EndGlobalSection
	GlobalSection(SolutionProperties) = preSolution
		HideSolutionNode = FALSE
	EndGlobalSection
	GlobalSection(ExtensibilityGlobals) = postSolution
		SolutionGuid = {B2918DFF-E22D-460C-BD98-19C4CB40EC74}
	EndGlobalSection
EndGlobal
